
Microsoft Visual Studio Solution File, Format Version 12.00
# Visual Studio Version 16
VisualStudioVersion = 16.0.31702.278
MinimumVisualStudioVersion = 10.0.40219.1
Project("{8BC9CEB8-8B4A-11D0-8D11-00A0C91BC942}") = "ConsoleApplication1", "ConsoleApplication1.vcxproj", "{0CA6619F-D00F-4349-8808-AB484EF93C00}"
EndProject
Global
	GlobalSection(SolutionConfigurationPlatforms) = preSolution
		Debug|x64 = Debug|x64
		Debug|x86 = Debug|x86
		Release|x64 = Release|x64
		Release|x86 = Release|x86
	EndGlobalSection
	GlobalSection(ProjectConfigurationPlatforms) = postSolution
		{0CA6619F-D00F-4349-8808-AB484EF93C00}.Debug|x64.ActiveCfg = Debug|x64
		{0CA6619F-D00F-4349-8808-AB484EF93C00}.Debug|x64.Build.0 = Debug|x64
		{0CA6619F-D00F-4349-8808-AB484EF93C00}.Debug|x86.ActiveCfg = Debug|Win32
		{0CA6619F-D00F-4349-8808-AB484EF93C00}.Debug|x86.Build.0 = Debug|Win32
		{0CA6619F-D00F-4349-8808-AB484EF93C00}.Release|x64.ActiveCfg = Release|x64
		{0CA6619F-D00F-4349-8808-AB484EF93C00}.Release|x64.Build.0 = Release|x64
		{0CA6619F-D00F-4349-8808-AB484EF93C00}.Release|x86.ActiveCfg = Release|Win32
		{0CA6619F-D00F-4349-8808-AB484EF93C00}.Release|x86.Build.0 = Release|Win32
	EndGlobalSection
	GlobalSection(SolutionProperties) = preSolution
		HideSolutionNode = FALSE
	EndGlobalSection
	GlobalSection(ExtensibilityGlobals) = postSolution
		SolutionGuid = {5B1C27E4-B7B2-476F-87E6-A410D73E4A4E}
	EndGlobalSection
EndGlobal
